
Microsoft Visual Studio Solution File, Format Version 12.00
# Visual Studio Version 16
VisualStudioVersion = 16.0.29911.84
MinimumVisualStudioVersion = 10.0.40219.1
Project("{6989167D-11E4-40FE-8C1A-2192A86A7E90}") = "SchroedingerGleichung", "SchroedingerGleichung.vfproj", "{35C3A923-7A81-4043-8F0D-6B4668B866CD}"
EndProject
Global
	GlobalSection(SolutionConfigurationPlatforms) = preSolution
		Debug|x64 = Debug|x64
		Debug|x86 = Debug|x86
		Release|x64 = Release|x64
		Release|x86 = Release|x86
	EndGlobalSection
	GlobalSection(ProjectConfigurationPlatforms) = postSolution
		{35C3A923-7A81-4043-8F0D-6B4668B866CD}.Debug|x64.ActiveCfg = Debug|x64
		{35C3A923-7A81-4043-8F0D-6B4668B866CD}.Debug|x64.Build.0 = Debug|x64
		{35C3A923-7A81-4043-8F0D-6B4668B866CD}.Debug|x86.ActiveCfg = Debug|Win32
		{35C3A923-7A81-4043-8F0D-6B4668B866CD}.Debug|x86.Build.0 = Debug|Win32
		{35C3A923-7A81-4043-8F0D-6B4668B866CD}.Release|x64.ActiveCfg = Release|x64
		{35C3A923-7A81-4043-8F0D-6B4668B866CD}.Release|x64.Build.0 = Release|x64
		{35C3A923-7A81-4043-8F0D-6B4668B866CD}.Release|x86.ActiveCfg = Release|Win32
		{35C3A923-7A81-4043-8F0D-6B4668B866CD}.Release|x86.Build.0 = Release|Win32
	EndGlobalSection
	GlobalSection(SolutionProperties) = preSolution
		HideSolutionNode = FALSE
	EndGlobalSection
	GlobalSection(ExtensibilityGlobals) = postSolution
		SolutionGuid = {18170D6B-6A59-49F8-8473-3384B20AD093}
	EndGlobalSection
EndGlobal
